
Microsoft Visual Studio Solution File, Format Version 12.00
# Visual Studio Version 17
VisualStudioVersion = 17.2.32630.192
MinimumVisualStudioVersion = 10.0.40219.1
Project("{9A19103F-16F7-4668-BE54-9A1E7A4F7556}") = "2048", "2048\2048.csproj", "{E0C28BA1-83D3-47A4-B3CD-90914AC93511}"
EndProject
Project("{2150E333-8FDC-42A3-9474-1A3956D46DE8}") = "Solution Items", "Solution Items", "{ABA020DF-07B3-4BD2-BEA0-E1AD4B75B6BD}"
	ProjectSection(SolutionItems) = preProject
		.editorconfig = .editorconfig
	EndProjectSection
EndProject
Global
	GlobalSection(SolutionConfigurationPlatforms) = preSolution
		Debug|Any CPU = Debug|Any CPU
		Release|Any CPU = Release|Any CPU
	EndGlobalSection
	GlobalSection(ProjectConfigurationPlatforms) = postSolution
		{E0C28BA1-83D3-47A4-B3CD-90914AC93511}.Debug|Any CPU.ActiveCfg = Debug|Any CPU
		{E0C28BA1-83D3-47A4-B3CD-90914AC93511}.Debug|Any CPU.Build.0 = Debug|Any CPU
		{E0C28BA1-83D3-47A4-B3CD-90914AC93511}.Release|Any CPU.ActiveCfg = Release|Any CPU
		{E0C28BA1-83D3-47A4-B3CD-90914AC93511}.Release|Any CPU.Build.0 = Release|Any CPU
	EndGlobalSection
	GlobalSection(SolutionProperties) = preSolution
		HideSolutionNode = FALSE
	EndGlobalSection
	GlobalSection(ExtensibilityGlobals) = postSolution
		SolutionGuid = {D05D877B-1CB5-4463-A8D7-4D4856CC79F8}
	EndGlobalSection
EndGlobal
